        "@nestjs-modules/ioredis": "^2.0.2",
        "@nestjs/throttler-storage-redis": "npm:@nest-lab/throttler-storage-redis@^1.1.0",
        "ioredis": "^5.8.2",
    "node_modules/@ioredis/commands": {
      "version": "1.4.0",
      "resolved": "https://registry.npmjs.org/@ioredis/commands/-/commands-1.4.0.tgz",
      "integrity": "sha512-aFT2yemJJo+TZCmieA7qnYGQooOS7QfNmYrzGtsYd3g9j5iDP8AimYYAesf79ohjbLG12XxC4nG5DyEnC88AsQ==",
      "license": "MIT"
    },
    "node_modules/@nestjs-modules/ioredis": {
      "version": "2.0.2",
      "resolved": "https://registry.npmjs.org/@nestjs-modules/ioredis/-/ioredis-2.0.2.tgz",
      "integrity": "sha512-8pzSvT8R3XP6p8ZzQmEN8OnY0yWrJ/elFhwQK+PID2zf1SLBkAZ18bDcx3SKQ2atledt0gd9kBeP5xT4MlyS7Q==",
      "license": "MIT",
      "optionalDependencies": {
        "@nestjs/terminus": "10.2.0"
      },
      "peerDependencies": {
        "@nestjs/common": ">=6.7.0",
        "@nestjs/core": ">=6.7.0",
        "ioredis": ">=5.0.0"
      }
    },
    "node_modules/@nestjs-modules/ioredis/node_modules/@nestjs/mongoose": {
      "version": "10.1.0",
      "resolved": "https://registry.npmjs.org/@nestjs/mongoose/-/mongoose-10.1.0.tgz",
      "integrity": "sha512-1ExAnZUfh2QffEaGjqYGgVPy/sYBQCVLCLqVgkcClKx/BCd0QNgND8MB70lwyobp3nm/+nbGQqBpu9F3/hgOCw==",
      "license": "MIT",
      "optional": true,
      "peer": true,
      "peerDependencies": {
        "@nestjs/common": "^8.0.0 || ^9.0.0 || ^10.0.0",
        "@nestjs/core": "^8.0.0 || ^9.0.0 || ^10.0.0",
        "mongoose": "^6.0.2 || ^7.0.0 || ^8.0.0",
        "rxjs": "^7.0.0"
      }
    },
    "node_modules/@nestjs-modules/ioredis/node_modules/@nestjs/terminus": {
      "version": "10.2.0",
      "resolved": "https://registry.npmjs.org/@nestjs/terminus/-/terminus-10.2.0.tgz",
      "integrity": "sha512-zPs98xvJ4ogEimRQOz8eU90mb7z+W/kd/mL4peOgrJ/VqER+ibN2Cboj65uJZW3XuNhpOqaeYOJte86InJd44A==",
      "license": "MIT",
      "optional": true,
      "dependencies": {
        "boxen": "5.1.2",
        "check-disk-space": "3.4.0"
      },
      "peerDependencies": {
        "@grpc/grpc-js": "*",
        "@grpc/proto-loader": "*",
        "@mikro-orm/core": "*",
        "@mikro-orm/nestjs": "*",
        "@nestjs/axios": "^1.0.0 || ^2.0.0 || ^3.0.0",
        "@nestjs/common": "^9.0.0 || ^10.0.0",
        "@nestjs/core": "^9.0.0 || ^10.0.0",
        "@nestjs/microservices": "^9.0.0 || ^10.0.0",
        "@nestjs/mongoose": "^9.0.0 || ^10.0.0",
        "@nestjs/sequelize": "^9.0.0 || ^10.0.0",
        "@nestjs/typeorm": "^9.0.0 || ^10.0.0",
        "@prisma/client": "*",
        "mongoose": "*",
        "reflect-metadata": "0.1.x",
        "rxjs": "7.x",
        "sequelize": "*",
        "typeorm": "*"
      },
      "peerDependenciesMeta": {
        "@grpc/grpc-js": {
          "optional": true
        },
        "@grpc/proto-loader": {
          "optional": true
        },
        "@mikro-orm/core": {
          "optional": true
        },
        "@mikro-orm/nestjs": {
          "optional": true
        },
        "@nestjs/axios": {
          "optional": true
        },
        "@nestjs/microservices": {
          "optional": true
        },
        "@nestjs/mongoose": {
          "optional": true
        },
        "@nestjs/sequelize": {
          "optional": true
        },
        "@nestjs/typeorm": {
          "optional": true
        },
        "@prisma/client": {
          "optional": true
        },
        "mongoose": {
          "optional": true
        },
        "sequelize": {
          "optional": true
        },
        "typeorm": {
          "optional": true
        }
      }
    },
    "node_modules/@nestjs-modules/ioredis/node_modules/reflect-metadata": {
      "version": "0.1.14",
      "resolved": "https://registry.npmjs.org/reflect-metadata/-/reflect-metadata-0.1.14.tgz",
      "integrity": "sha512-ZhYeb6nRaXCfhnndflDK8qI6ZQ/YcWZCISRAWICW9XYqMUwjZM9Z0DveWX/ABN01oxSHwVxKQmxeYZSsm0jh5A==",
      "license": "Apache-2.0",
      "optional": true,
      "peer": true
    },
    "node_modules/@nestjs/throttler-storage-redis": {
      "name": "@nest-lab/throttler-storage-redis",
      "version": "1.1.0",
      "resolved": "https://registry.npmjs.org/@nest-lab/throttler-storage-redis/-/throttler-storage-redis-1.1.0.tgz",
      "integrity": "sha512-7DW8MuqoB+ubu8cWby9Vw56eAFqsHFfowEflHbmmAF2sNByRdzcR4ddcyoYLwL3zG53nLmvzUa4EXoHKB4RoaQ==",
      "license": "MIT",
      "dependencies": {
        "tslib": "^2.3.0"
      },
      "peerDependencies": {
        "@nestjs/common": "^7.0.0 || ^8.0.0 || ^9.0.0 || ^10.0.0 || ^11.0.0",
        "@nestjs/core": "^7.0.0 || ^8.0.0 || ^9.0.0 || ^10.0.0 || ^11.0.0",
        "@nestjs/throttler": ">=6.0.0",
        "ioredis": ">=5.0.0",
        "reflect-metadata": "^0.2.1"
      },
      "peerDependenciesMeta": {
        "@nestjs/common": {
          "optional": false
        },
        "@nestjs/core": {
          "optional": false
        },
        "@nestjs/throttler": {
          "optional": false
        },
        "ioredis": {
          "optional": false
        },
        "reflect-metadata": {
          "optional": false
        }
      }
    },
    "node_modules/cluster-key-slot": {
      "version": "1.1.2",
      "resolved": "https://registry.npmjs.org/cluster-key-slot/-/cluster-key-slot-1.1.2.tgz",
      "integrity": "sha512-RMr0FhtfXemyinomL4hrWcYJxmX6deFdCxpJzhDttxgO1+bcCnkk+9drydLVDmAMG7NE6aN/fl4F7ucU/90gAA==",
      "license": "Apache-2.0",
      "engines": {
        "node": ">=0.10.0"
      }
    },
    "node_modules/denque": {
      "version": "2.1.0",
      "resolved": "https://registry.npmjs.org/denque/-/denque-2.1.0.tgz",
      "integrity": "sha512-HVQE3AAb/pxF8fQAoiqpvg9i3evqug3hoiwakOyZAwJm+6vZehbkYXZ0l4JxS+I3QxM97v5aaRNhj8v5oBhekw==",
      "license": "Apache-2.0",
      "engines": {
        "node": ">=0.10"
      }
    },
    "node_modules/ioredis": {
      "version": "5.8.2",
      "resolved": "https://registry.npmjs.org/ioredis/-/ioredis-5.8.2.tgz",
      "integrity": "sha512-C6uC+kleiIMmjViJINWk80sOQw5lEzse1ZmvD+S/s8p8CWapftSaC+kocGTx6xrbrJ4WmYQGC08ffHLr6ToR6Q==",
      "license": "MIT",
      "dependencies": {
        "@ioredis/commands": "1.4.0",
        "cluster-key-slot": "^1.1.0",
        "debug": "^4.3.4",
        "denque": "^2.1.0",
        "lodash.defaults": "^4.2.0",
        "lodash.isarguments": "^3.1.0",
        "redis-errors": "^1.2.0",
        "redis-parser": "^3.0.0",
        "standard-as-callback": "^2.1.0"
      },
      "engines": {
        "node": ">=12.22.0"
      },
      "funding": {
        "type": "opencollective",
        "url": "https://opencollective.com/ioredis"
      }
    },
    "node_modules/lodash.defaults": {
      "version": "4.2.0",
      "resolved": "https://registry.npmjs.org/lodash.defaults/-/lodash.defaults-4.2.0.tgz",
      "integrity": "sha512-qjxPLHd3r5DnsdGacqOMU6pb/avJzdh9tFX2ymgoZE27BmjXrNy/y4LoaiTeAb+O3gL8AfpJGtqfX/ae2leYYQ==",
      "license": "MIT"
    },
    "node_modules/redis-errors": {
      "version": "1.2.0",
      "resolved": "https://registry.npmjs.org/redis-errors/-/redis-errors-1.2.0.tgz",
      "integrity": "sha512-1qny3OExCf0UvUV/5wpYKf2YwPcOqXzkwKKSmKHiE6ZMQs5heeE/c8eXK+PNllPvmjgAbfnsbpkGZWy8cBpn9w==",
      "license": "MIT",
      "engines": {
        "node": ">=4"
      }
    },
    "node_modules/redis-parser": {
      "version": "3.0.0",
      "resolved": "https://registry.npmjs.org/redis-parser/-/redis-parser-3.0.0.tgz",
      "integrity": "sha512-DJnGAeenTdpMEH6uAJRK/uiyEIH9WVsUmoLwzudwGJUwZPp80PDBWPHXSAGNPwNvIXAbe7MSUB1zQFugFml66A==",
      "license": "MIT",
      "dependencies": {
        "redis-errors": "^1.0.0"
      },
      "engines": {
        "node": ">=4"
      }
    },
    "node_modules/standard-as-callback": {
      "version": "2.1.0",
      "resolved": "https://registry.npmjs.org/standard-as-callback/-/standard-as-callback-2.1.0.tgz",
      "integrity": "sha512-qoRRSyROncaz1z0mvYqIE4lCd9p2R90i6GxW3uZv5ucSu8tU7B5HXUP1gG8pVZsYNVaXjk8ClXHPttLyxAL48A==",
      "license": "MIT"
    },
