        "@stripe/stripe-js": "^3.4.1",
        "rxjs": "^7.8.2",
        "stripe": "^16.5.0"
    "node_modules/@stripe/stripe-js": {
      "version": "3.5.0",
      "resolved": "https://registry.npmjs.org/@stripe/stripe-js/-/stripe-js-3.5.0.tgz",
      "integrity": "sha512-pKS3wZnJoL1iTyGBXAvCwduNNeghJHY6QSRSNNvpYnrrQrLZ6Owsazjyynu0e0ObRgks0i7Rv+pe2M7/MBTZpQ==",
      "license": "MIT",
      "engines": {
        "node": ">=12.16"
      }
    },
    "node_modules/stripe": {
      "version": "16.12.0",
      "resolved": "https://registry.npmjs.org/stripe/-/stripe-16.12.0.tgz",
      "integrity": "sha512-H7eFVLDxeTNNSn4JTRfL2//LzCbDrMSZ+2q1c7CanVWgK2qIW5TwS+0V7N9KcKZZNpYh/uCqK0PyZh/2UsaAtQ==",
      "license": "MIT",
      "dependencies": {
        "@types/node": ">=8.1.0",
        "qs": "^6.11.0"
      },
      "engines": {
        "node": ">=12.*"
      }
    },
